
Microsoft Visual Studio Solution File, Format Version 12.00
# Visual Studio Version 17
VisualStudioVersion = 17.13.35806.99 d17.13
MinimumVisualStudioVersion = 10.0.40219.1
Project("{FAE04EC0-301F-11D3-BF4B-00C04F79EFBC}") = "HautsBionics_CombatExtended", "HautsBionics_CombatExtended.csproj", "{CC3F7904-68DF-4AD5-A67D-5CDF0FD9349E}"
EndProject
Global
	GlobalSection(SolutionConfigurationPlatforms) = preSolution
		Debug|Any CPU = Debug|Any CPU
		Release|Any CPU = Release|Any CPU
	EndGlobalSection
	GlobalSection(ProjectConfigurationPlatforms) = postSolution
		{CC3F7904-68DF-4AD5-A67D-5CDF0FD9349E}.Debug|Any CPU.ActiveCfg = Debug|Any CPU
		{CC3F7904-68DF-4AD5-A67D-5CDF0FD9349E}.Debug|Any CPU.Build.0 = Debug|Any CPU
		{CC3F7904-68DF-4AD5-A67D-5CDF0FD9349E}.Release|Any CPU.ActiveCfg = Release|Any CPU
		{CC3F7904-68DF-4AD5-A67D-5CDF0FD9349E}.Release|Any CPU.Build.0 = Release|Any CPU
	EndGlobalSection
	GlobalSection(SolutionProperties) = preSolution
		HideSolutionNode = FALSE
	EndGlobalSection
	GlobalSection(ExtensibilityGlobals) = postSolution
		SolutionGuid = {6E97E6CD-ED66-4B7C-907F-A391785A7831}
	EndGlobalSection
EndGlobal
