
Microsoft Visual Studio Solution File, Format Version 12.00
# Visual Studio Version 16
VisualStudioVersion = 16.0.32901.82
MinimumVisualStudioVersion = 10.0.40219.1
Project("{FAE04EC0-301F-11D3-BF4B-00C04F79EFBC}") = "HautsBionics_Ideology", "HautsBionics_Ideology.csproj", "{B62D0BFA-9CCC-45AA-8E89-F88B1D47C6B5}"
EndProject
Global
	GlobalSection(SolutionConfigurationPlatforms) = preSolution
		Debug|Any CPU = Debug|Any CPU
		Release|Any CPU = Release|Any CPU
	EndGlobalSection
	GlobalSection(ProjectConfigurationPlatforms) = postSolution
		{B62D0BFA-9CCC-45AA-8E89-F88B1D47C6B5}.Debug|Any CPU.ActiveCfg = Debug|Any CPU
		{B62D0BFA-9CCC-45AA-8E89-F88B1D47C6B5}.Debug|Any CPU.Build.0 = Debug|Any CPU
		{B62D0BFA-9CCC-45AA-8E89-F88B1D47C6B5}.Release|Any CPU.ActiveCfg = Release|Any CPU
		{B62D0BFA-9CCC-45AA-8E89-F88B1D47C6B5}.Release|Any CPU.Build.0 = Release|Any CPU
	EndGlobalSection
	GlobalSection(SolutionProperties) = preSolution
		HideSolutionNode = FALSE
	EndGlobalSection
	GlobalSection(ExtensibilityGlobals) = postSolution
		SolutionGuid = {5FD79144-4047-4C28-8B10-9C192B2D5721}
	EndGlobalSection
EndGlobal
